// !$*UTF8*$!
{
	archiveVersion = 1;
	classes = {
	};
	objectVersion = 56;
	objects = {

/* Begin PBXBuildFile section */
		DD1356E62B87AB5700A86ABF /* K.swift in Sources */ = {isa = PBXBuildFile; fileRef = DD1356E52B87AB5700A86ABF /* K.swift */; };
		DD233BAC2B8A17630040C961 /* Pods_Todo_List.framework in Frameworks */ = {isa = PBXBuildFile; fileRef = 42DB6B7AE7D7FCFB0B8DEC43 /* Pods_Todo_List.framework */; };
		DD233BB22B8A81260040C961 /* CustomTableView.swift in Sources */ = {isa = PBXBuildFile; fileRef = DD233BB12B8A81260040C961 /* CustomTableView.swift */; };
		DD5A13182B88C2B400DFED7C /* Item.swift in Sources */ = {isa = PBXBuildFile; fileRef = DD5A13172B88C2B400DFED7C /* Item.swift */; };
		DD5A131A2B88C2BE00DFED7C /* Category.swift in Sources */ = {isa = PBXBuildFile; fileRef = DD5A13192B88C2BE00DFED7C /* Category.swift */; };
		DD7B87F52B8364E600A05275 /* AppDelegate.swift in Sources */ = {isa = PBXBuildFile; fileRef = DD7B87F42B8364E600A05275 /* AppDelegate.swift */; };
		DD7B87F72B8364E600A05275 /* SceneDelegate.swift in Sources */ = {isa = PBXBuildFile; fileRef = DD7B87F62B8364E600A05275 /* SceneDelegate.swift */; };
		DD7B87F92B8364E600A05275 /* TodoListViewController.swift in Sources */ = {isa = PBXBuildFile; fileRef = DD7B87F82B8364E600A05275 /* TodoListViewController.swift */; };
		DD7B87FC2B8364E600A05275 /* Main.storyboard in Resources */ = {isa = PBXBuildFile; fileRef = DD7B87FA2B8364E600A05275 /* Main.storyboard */; };
		DD7B87FE2B8364E800A05275 /* Assets.xcassets in Resources */ = {isa = PBXBuildFile; fileRef = DD7B87FD2B8364E800A05275 /* Assets.xcassets */; };
		DD7B88012B8364E800A05275 /* LaunchScreen.storyboard in Resources */ = {isa = PBXBuildFile; fileRef = DD7B87FF2B8364E800A05275 /* LaunchScreen.storyboard */; };
		DDD8D58B2B87A1D90059F2DD /* CategoryViewController.swift in Sources */ = {isa = PBXBuildFile; fileRef = DDD8D58A2B87A1D90059F2DD /* CategoryViewController.swift */; };
/* End PBXBuildFile section */

/* Begin PBXFileReference section */
		2775EFF57891DBCBF865ECBD /* Pods-Todo List.release.xcconfig */ = {isa = PBXFileReference; includeInIndex = 1; lastKnownFileType = text.xcconfig; name = "Pods-Todo List.release.xcconfig"; path = "Target Support Files/Pods-Todo List/Pods-Todo List.release.xcconfig"; sourceTree = "<group>"; };
		42DB6B7AE7D7FCFB0B8DEC43 /* Pods_Todo_List.framework */ = {isa = PBXFileReference; explicitFileType = wrapper.framework; includeInIndex = 0; path = Pods_Todo_List.framework; sourceTree = BUILT_PRODUCTS_DIR; };
		D7B28E0432E9FD2C031AFC4F /* Pods-Todo List.debug.xcconfig */ = {isa = PBXFileReference; includeInIndex = 1; lastKnownFileType = text.xcconfig; name = "Pods-Todo List.debug.xcconfig"; path = "Target Support Files/Pods-Todo List/Pods-Todo List.debug.xcconfig"; sourceTree = "<group>"; };
		DD1356E52B87AB5700A86ABF /* K.swift */ = {isa = PBXFileReference; lastKnownFileType = sourcecode.swift; path = K.swift; sourceTree = "<group>"; };
		DD233BB12B8A81260040C961 /* CustomTableView.swift */ = {isa = PBXFileReference; lastKnownFileType = sourcecode.swift; path = CustomTableView.swift; sourceTree = "<group>"; };
		DD5A13172B88C2B400DFED7C /* Item.swift */ = {isa = PBXFileReference; lastKnownFileType = sourcecode.swift; path = Item.swift; sourceTree = "<group>"; };
		DD5A13192B88C2BE00DFED7C /* Category.swift */ = {isa = PBXFileReference; lastKnownFileType = sourcecode.swift; path = Category.swift; sourceTree = "<group>"; };
		DD7B87F12B8364E600A05275 /* Todo List.app */ = {isa = PBXFileReference; explicitFileType = wrapper.application; includeInIndex = 0; path = "Todo List.app"; sourceTree = BUILT_PRODUCTS_DIR; };
		DD7B87F42B8364E600A05275 /* AppDelegate.swift */ = {isa = PBXFileReference; lastKnownFileType = sourcecode.swift; path = AppDelegate.swift; sourceTree = "<group>"; };
		DD7B87F62B8364E600A05275 /* SceneDelegate.swift */ = {isa = PBXFileReference; lastKnownFileType = sourcecode.swift; path = SceneDelegate.swift; sourceTree = "<group>"; };
		DD7B87F82B8364E600A05275 /* TodoListViewController.swift */ = {isa = PBXFileReference; lastKnownFileType = sourcecode.swift; path = TodoListViewController.swift; sourceTree = "<group>"; };
		DD7B87FB2B8364E600A05275 /* Base */ = {isa = PBXFileReference; lastKnownFileType = file.storyboard; name = Base; path = Base.lproj/Main.storyboard; sourceTree = "<group>"; };
		DD7B87FD2B8364E800A05275 /* Assets.xcassets */ = {isa = PBXFileReference; lastKnownFileType = folder.assetcatalog; path = Assets.xcassets; sourceTree = "<group>"; };
		DD7B88002B8364E800A05275 /* Base */ = {isa = PBXFileReference; lastKnownFileType = file.storyboard; name = Base; path = Base.lproj/LaunchScreen.storyboard; sourceTree = "<group>"; };
		DD7B88022B8364E800A05275 /* Info.plist */ = {isa = PBXFileReference; lastKnownFileType = text.plist.xml; path = Info.plist; sourceTree = "<group>"; };
		DDD8D58A2B87A1D90059F2DD /* CategoryViewController.swift */ = {isa = PBXFileReference; lastKnownFileType = sourcecode.swift; path = CategoryViewController.swift; sourceTree = "<group>"; };
/* End PBXFileReference section */

/* Begin PBXFrameworksBuildPhase section */
		DD7B87EE2B8364E600A05275 /* Frameworks */ = {
			isa = PBXFrameworksBuildPhase;
			buildActionMask = 2147483647;
			files = (
				DD233BAC2B8A17630040C961 /* Pods_Todo_List.framework in Frameworks */,
			);
			runOnlyForDeploymentPostprocessing = 0;
		};
/* End PBXFrameworksBuildPhase section */

/* Begin PBXGroup section */
		8F9EC7825591AB6D1B1580E2 /* Pods */ = {
			isa = PBXGroup;
			children = (
				D7B28E0432E9FD2C031AFC4F /* Pods-Todo List.debug.xcconfig */,
				2775EFF57891DBCBF865ECBD /* Pods-Todo List.release.xcconfig */,
			);
			path = Pods;
			sourceTree = "<group>";
		};
		DD6DB2F12B84BBB40037D54A /* Models */ = {
			isa = PBXGroup;
			children = (
				DD5A13192B88C2BE00DFED7C /* Category.swift */,
				DD5A13172B88C2B400DFED7C /* Item.swift */,
			);
			path = Models;
			sourceTree = "<group>";
		};
		DD6DB2F22B84BBBF0037D54A /* Controllers */ = {
			isa = PBXGroup;
			children = (
				DDD8D58A2B87A1D90059F2DD /* CategoryViewController.swift */,
				DD7B87F82B8364E600A05275 /* TodoListViewController.swift */,
			);
			path = Controllers;
			sourceTree = "<group>";
		};
		DD6DB2F32B84BBC90037D54A /* Views */ = {
			isa = PBXGroup;
			children = (
				DD7B87FA2B8364E600A05275 /* Main.storyboard */,
				DD233BB12B8A81260040C961 /* CustomTableView.swift */,
			);
			path = Views;
			sourceTree = "<group>";
		};
		DD6DB2F42B84BBD80037D54A /* Supporting Files */ = {
			isa = PBXGroup;
			children = (
				DD7B87FD2B8364E800A05275 /* Assets.xcassets */,
				DD7B87FF2B8364E800A05275 /* LaunchScreen.storyboard */,
			);
			path = "Supporting Files";
			sourceTree = "<group>";
		};
		DD7B87E82B8364E600A05275 = {
			isa = PBXGroup;
			children = (
				DD7B87F32B8364E600A05275 /* Todo List */,
				DD7B87F22B8364E600A05275 /* Products */,
				8F9EC7825591AB6D1B1580E2 /* Pods */,
				E20A2BBF647173B95FC1A6A6 /* Frameworks */,
			);
			sourceTree = "<group>";
		};
		DD7B87F22B8364E600A05275 /* Products */ = {
			isa = PBXGroup;
			children = (
				DD7B87F12B8364E600A05275 /* Todo List.app */,
			);
			name = Products;
			sourceTree = "<group>";
		};
		DD7B87F32B8364E600A05275 /* Todo List */ = {
			isa = PBXGroup;
			children = (
				DD7B87F42B8364E600A05275 /* AppDelegate.swift */,
				DD7B87F62B8364E600A05275 /* SceneDelegate.swift */,
				DD6DB2F12B84BBB40037D54A /* Models */,
				DD6DB2F32B84BBC90037D54A /* Views */,
				DD6DB2F22B84BBBF0037D54A /* Controllers */,
				DD1356E52B87AB5700A86ABF /* K.swift */,
				DD6DB2F42B84BBD80037D54A /* Supporting Files */,
				DD7B88022B8364E800A05275 /* Info.plist */,
			);
			path = "Todo List";
			sourceTree = "<group>";
		};
		E20A2BBF647173B95FC1A6A6 /* Frameworks */ = {
			isa = PBXGroup;
			children = (
				42DB6B7AE7D7FCFB0B8DEC43 /* Pods_Todo_List.framework */,
			);
			name = Frameworks;
			sourceTree = "<group>";
		};
/* End PBXGroup section */

/* Begin PBXNativeTarget section */
		DD7B87F02B8364E600A05275 /* Todo List */ = {
			isa = PBXNativeTarget;
			buildConfigurationList = DD7B88052B8364E800A05275 /* Build configuration list for PBXNativeTarget "Todo List" */;
			buildPhases = (
				830002FD677D74BF9FA997CD /* [CP] Check Pods Manifest.lock */,
				DD7B87ED2B8364E600A05275 /* Sources */,
				DD7B87EE2B8364E600A05275 /* Frameworks */,
				DD7B87EF2B8364E600A05275 /* Resources */,
				A6F0AE61AF99C99EED877D45 /* [CP] Embed Pods Frameworks */,
			);
			buildRules = (
			);
			dependencies = (
			);
			name = "Todo List";
			packageProductDependencies = (
			);
			productName = "Todo List";
			productReference = DD7B87F12B8364E600A05275 /* Todo List.app */;
			productType = "com.apple.product-type.application";
		};
/* End PBXNativeTarget section */

/* Begin PBXProject section */
		DD7B87E92B8364E600A05275 /* Project object */ = {
			isa = PBXProject;
			attributes = {
				BuildIndependentTargetsInParallel = 1;
				LastSwiftUpdateCheck = 1500;
				LastUpgradeCheck = 1500;
				TargetAttributes = {
					DD7B87F02B8364E600A05275 = {
						CreatedOnToolsVersion = 15.0;
					};
				};
			};
			buildConfigurationList = DD7B87EC2B8364E600A05275 /* Build configuration list for PBXProject "Todo List" */;
			compatibilityVersion = "Xcode 14.0";
			developmentRegion = en;
			hasScannedForEncodings = 0;
			knownRegions = (
				en,
				Base,
			);
			mainGroup = DD7B87E82B8364E600A05275;
			packageReferences = (
				DD233BA92B8A07F10040C961 /* XCRemoteSwiftPackageReference "SwipeCellKit" */,
			);
			productRefGroup = DD7B87F22B8364E600A05275 /* Products */;
			projectDirPath = "";
			projectRoot = "";
			targets = (
				DD7B87F02B8364E600A05275 /* Todo List */,
			);
		};
/* End PBXProject section */

/* Begin PBXResourcesBuildPhase section */
		DD7B87EF2B8364E600A05275 /* Resources */ = {
			isa = PBXResourcesBuildPhase;
			buildActionMask = 2147483647;
			files = (
				DD7B88012B8364E800A05275 /* LaunchScreen.storyboard in Resources */,
				DD7B87FE2B8364E800A05275 /* Assets.xcassets in Resources */,
				DD7B87FC2B8364E600A05275 /* Main.storyboard in Resources */,
			);
			runOnlyForDeploymentPostprocessing = 0;
		};
/* End PBXResourcesBuildPhase section */

/* Begin PBXShellScriptBuildPhase section */
		830002FD677D74BF9FA997CD /* [CP] Check Pods Manifest.lock */ = {
			isa = PBXShellScriptBuildPhase;
			buildActionMask = 2147483647;
			files = (
			);
			inputFileListPaths = (
			);
			inputPaths = (
				"${PODS_PODFILE_DIR_PATH}/Podfile.lock",
				"${PODS_ROOT}/Manifest.lock",
			);
			name = "[CP] Check Pods Manifest.lock";
			outputFileListPaths = (
			);
			outputPaths = (
				"$(DERIVED_FILE_DIR)/Pods-Todo List-checkManifestLockResult.txt",
			);
			runOnlyForDeploymentPostprocessing = 0;
			shellPath = /bin/sh;
			shellScript = "diff \"${PODS_PODFILE_DIR_PATH}/Podfile.lock\" \"${PODS_ROOT}/Manifest.lock\" > /dev/null\nif [ $? != 0 ] ; then\n    # print error to STDERR\n    echo \"error: The sandbox is not in sync with the Podfile.lock. Run 'pod install' or update your CocoaPods installation.\" >&2\n    exit 1\nfi\n# This output is used by Xcode 'outputs' to avoid re-running this script phase.\necho \"SUCCESS\" > \"${SCRIPT_OUTPUT_FILE_0}\"\n";
			showEnvVarsInLog = 0;
		};
		A6F0AE61AF99C99EED877D45 /* [CP] Embed Pods Frameworks */ = {
			isa = PBXShellScriptBuildPhase;
			buildActionMask = 2147483647;
			files = (
			);
			inputFileListPaths = (
				"${PODS_ROOT}/Target Support Files/Pods-Todo List/Pods-Todo List-frameworks-${CONFIGURATION}-input-files.xcfilelist",
			);
			name = "[CP] Embed Pods Frameworks";
			outputFileListPaths = (
				"${PODS_ROOT}/Target Support Files/Pods-Todo List/Pods-Todo List-frameworks-${CONFIGURATION}-output-files.xcfilelist",
			);
			runOnlyForDeploymentPostprocessing = 0;
			shellPath = /bin/sh;
			shellScript = "\"${PODS_ROOT}/Target Support Files/Pods-Todo List/Pods-Todo List-frameworks.sh\"\n";
			showEnvVarsInLog = 0;
		};
/* End PBXShellScriptBuildPhase section */

/* Begin PBXSourcesBuildPhase section */
		DD7B87ED2B8364E600A05275 /* Sources */ = {
			isa = PBXSourcesBuildPhase;
			buildActionMask = 2147483647;
			files = (
				DDD8D58B2B87A1D90059F2DD /* CategoryViewController.swift in Sources */,
				DD7B87F92B8364E600A05275 /* TodoListViewController.swift in Sources */,
				DD1356E62B87AB5700A86ABF /* K.swift in Sources */,
				DD7B87F52B8364E600A05275 /* AppDelegate.swift in Sources */,
				DD5A13182B88C2B400DFED7C /* Item.swift in Sources */,
				DD7B87F72B8364E600A05275 /* SceneDelegate.swift in Sources */,
				DD233BB22B8A81260040C961 /* CustomTableView.swift in Sources */,
				DD5A131A2B88C2BE00DFED7C /* Category.swift in Sources */,
			);
			runOnlyForDeploymentPostprocessing = 0;
		};
/* End PBXSourcesBuildPhase section */

/* Begin PBXVariantGroup section */
		DD7B87FA2B8364E600A05275 /* Main.storyboard */ = {
			isa = PBXVariantGroup;
			children = (
				DD7B87FB2B8364E600A05275 /* Base */,
			);
			name = Main.storyboard;
			sourceTree = "<group>";
		};
		DD7B87FF2B8364E800A05275 /* LaunchScreen.storyboard */ = {
			isa = PBXVariantGroup;
			children = (
				DD7B88002B8364E800A05275 /* Base */,
			);
			name = LaunchScreen.storyboard;
			sourceTree = "<group>";
		};
/* End PBXVariantGroup section */

/* Begin XCBuildConfiguration section */
		DD7B88032B8364E800A05275 /* Debug */ = {
			isa = XCBuildConfiguration;
			buildSettings = {
				ALWAYS_SEARCH_USER_PATHS = NO;
				ASSETCATALOG_COMPILER_GENERATE_SWIFT_ASSET_SYMBOL_EXTENSIONS = YES;
				CLANG_ANALYZER_NONNULL = YES;
				CLANG_ANALYZER_NUMBER_OBJECT_CONVERSION = YES_AGGRESSIVE;
				CLANG_CXX_LANGUAGE_STANDARD = "gnu++20";
				CLANG_ENABLE_MODULES = YES;
				CLANG_ENABLE_OBJC_ARC = YES;
				CLANG_ENABLE_OBJC_WEAK = YES;
				CLANG_WARN_BLOCK_CAPTURE_AUTORELEASING = YES;
				CLANG_WARN_BOOL_CONVERSION = YES;
				CLANG_WARN_COMMA = YES;
				CLANG_WARN_CONSTANT_CONVERSION = YES;
				CLANG_WARN_DEPRECATED_OBJC_IMPLEMENTATIONS = YES;
				CLANG_WARN_DIRECT_OBJC_ISA_USAGE = YES_ERROR;
				CLANG_WARN_DOCUMENTATION_COMMENTS = YES;
				CLANG_WARN_EMPTY_BODY = YES;
				CLANG_WARN_ENUM_CONVERSION = YES;
				CLANG_WARN_INFINITE_RECURSION = YES;
				CLANG_WARN_INT_CONVERSION = YES;
				CLANG_WARN_NON_LITERAL_NULL_CONVERSION = YES;
				CLANG_WARN_OBJC_IMPLICIT_RETAIN_SELF = YES;
				CLANG_WARN_OBJC_LITERAL_CONVERSION = YES;
				CLANG_WARN_OBJC_ROOT_CLASS = YES_ERROR;
				CLANG_WARN_QUOTED_INCLUDE_IN_FRAMEWORK_HEADER = YES;
				CLANG_WARN_RANGE_LOOP_ANALYSIS = YES;
				CLANG_WARN_STRICT_PROTOTYPES = YES;
				CLANG_WARN_SUSPICIOUS_MOVE = YES;
				CLANG_WARN_UNGUARDED_AVAILABILITY = YES_AGGRESSIVE;
				CLANG_WARN_UNREACHABLE_CODE = YES;
				CLANG_WARN__DUPLICATE_METHOD_MATCH = YES;
				COPY_PHASE_STRIP = NO;
				DEBUG_INFORMATION_FORMAT = dwarf;
				ENABLE_STRICT_OBJC_MSGSEND = YES;
				ENABLE_TESTABILITY = YES;
				ENABLE_USER_SCRIPT_SANDBOXING = NO;
				GCC_C_LANGUAGE_STANDARD = gnu17;
				GCC_DYNAMIC_NO_PIC = NO;
				GCC_NO_COMMON_BLOCKS = YES;
				GCC_OPTIMIZATION_LEVEL = 0;
				GCC_PREPROCESSOR_DEFINITIONS = (
					"DEBUG=1",
					"$(inherited)",
				);
				GCC_WARN_64_TO_32_BIT_CONVERSION = YES;
				GCC_WARN_ABOUT_RETURN_TYPE = YES_ERROR;
				GCC_WARN_UNDECLARED_SELECTOR = YES;
				GCC_WARN_UNINITIALIZED_AUTOS = YES_AGGRESSIVE;
				GCC_WARN_UNUSED_FUNCTION = YES;
				GCC_WARN_UNUSED_VARIABLE = YES;
				IPHONEOS_DEPLOYMENT_TARGET = 17.0;
				LOCALIZATION_PREFERS_STRING_CATALOGS = YES;
				MTL_ENABLE_DEBUG_INFO = INCLUDE_SOURCE;
				MTL_FAST_MATH = YES;
				ONLY_ACTIVE_ARCH = YES;
				SDKROOT = iphoneos;
				SWIFT_ACTIVE_COMPILATION_CONDITIONS = "DEBUG $(inherited)";
				SWIFT_OPTIMIZATION_LEVEL = "-Onone";
			};
			name = Debug;
		};
		DD7B88042B8364E800A05275 /* Release */ = {
			isa = XCBuildConfiguration;
			buildSettings = {
				ALWAYS_SEARCH_USER_PATHS = NO;
				ASSETCATALOG_COMPILER_GENERATE_SWIFT_ASSET_SYMBOL_EXTENSIONS = YES;
				CLANG_ANALYZER_NONNULL = YES;
				CLANG_ANALYZER_NUMBER_OBJECT_CONVERSION = YES_AGGRESSIVE;
				CLANG_CXX_LANGUAGE_STANDARD = "gnu++20";
				CLANG_ENABLE_MODULES = YES;
				CLANG_ENABLE_OBJC_ARC = YES;
				CLANG_ENABLE_OBJC_WEAK = YES;
				CLANG_WARN_BLOCK_CAPTURE_AUTORELEASING = YES;
				CLANG_WARN_BOOL_CONVERSION = YES;
				CLANG_WARN_COMMA = YES;
				CLANG_WARN_CONSTANT_CONVERSION = YES;
				CLANG_WARN_DEPRECATED_OBJC_IMPLEMENTATIONS = YES;
				CLANG_WARN_DIRECT_OBJC_ISA_USAGE = YES_ERROR;
				CLANG_WARN_DOCUMENTATION_COMMENTS = YES;
				CLANG_WARN_EMPTY_BODY = YES;
				CLANG_WARN_ENUM_CONVERSION = YES;
				CLANG_WARN_INFINITE_RECURSION = YES;
				CLANG_WARN_INT_CONVERSION = YES;
				CLANG_WARN_NON_LITERAL_NULL_CONVERSION = YES;
				CLANG_WARN_OBJC_IMPLICIT_RETAIN_SELF = YES;
				CLANG_WARN_OBJC_LITERAL_CONVERSION = YES;
				CLANG_WARN_OBJC_ROOT_CLASS = YES_ERROR;
				CLANG_WARN_QUOTED_INCLUDE_IN_FRAMEWORK_HEADER = YES;
				CLANG_WARN_RANGE_LOOP_ANALYSIS = YES;
				CLANG_WARN_STRICT_PROTOTYPES = YES;
				CLANG_WARN_SUSPICIOUS_MOVE = YES;
				CLANG_WARN_UNGUARDED_AVAILABILITY = YES_AGGRESSIVE;
				CLANG_WARN_UNREACHABLE_CODE = YES;
				CLANG_WARN__DUPLICATE_METHOD_MATCH = YES;
				COPY_PHASE_STRIP = NO;
				DEBUG_INFORMATION_FORMAT = "dwarf-with-dsym";
				ENABLE_NS_ASSERTIONS = NO;
				ENABLE_STRICT_OBJC_MSGSEND = YES;
				ENABLE_USER_SCRIPT_SANDBOXING = NO;
				GCC_C_LANGUAGE_STANDARD = gnu17;
				GCC_NO_COMMON_BLOCKS = YES;
				GCC_WARN_64_TO_32_BIT_CONVERSION = YES;
				GCC_WARN_ABOUT_RETURN_TYPE = YES_ERROR;
				GCC_WARN_UNDECLARED_SELECTOR = YES;
				GCC_WARN_UNINITIALIZED_AUTOS = YES_AGGRESSIVE;
				GCC_WARN_UNUSED_FUNCTION = YES;
				GCC_WARN_UNUSED_VARIABLE = YES;
				IPHONEOS_DEPLOYMENT_TARGET = 17.0;
				LOCALIZATION_PREFERS_STRING_CATALOGS = YES;
				MTL_ENABLE_DEBUG_INFO = NO;
				MTL_FAST_MATH = YES;
				SDKROOT = iphoneos;
				SWIFT_COMPILATION_MODE = wholemodule;
				VALIDATE_PRODUCT = YES;
			};
			name = Release;
		};
		DD7B88062B8364E800A05275 /* Debug */ = {
			isa = XCBuildConfiguration;
			baseConfigurationReference = D7B28E0432E9FD2C031AFC4F /* Pods-Todo List.debug.xcconfig */;
			buildSettings = {
				ASSETCATALOG_COMPILER_APPICON_NAME = AppIcon;
				ASSETCATALOG_COMPILER_GLOBAL_ACCENT_COLOR_NAME = AccentColor;
				CODE_SIGN_STYLE = Automatic;
				CURRENT_PROJECT_VERSION = 1;
				DEVELOPMENT_TEAM = S93TB9WZ8T;
				GENERATE_INFOPLIST_FILE = YES;
				INFOPLIST_FILE = "Todo List/Info.plist";
				INFOPLIST_KEY_UIApplicationSupportsIndirectInputEvents = YES;
				INFOPLIST_KEY_UILaunchStoryboardName = LaunchScreen;
				INFOPLIST_KEY_UIMainStoryboardFile = Main;
				INFOPLIST_KEY_UIStatusBarHidden = NO;
				INFOPLIST_KEY_UISupportedInterfaceOrientations = "UIInterfaceOrientationLandscapeLeft UIInterfaceOrientationLandscapeRight UIInterfaceOrientationPortrait";
				INFOPLIST_KEY_UISupportedInterfaceOrientations_iPad = UIInterfaceOrientationPortrait;
				IPHONEOS_DEPLOYMENT_TARGET = 13.0;
				LD_RUNPATH_SEARCH_PATHS = (
					"$(inherited)",
					"@executable_path/Frameworks",
				);
				MARKETING_VERSION = 1.0;
				PRODUCT_BUNDLE_IDENTIFIER = "co.zelbury.Todo-List";
				PRODUCT_NAME = "$(TARGET_NAME)";
				SWIFT_EMIT_LOC_STRINGS = YES;
				SWIFT_VERSION = 5.0;
				TARGETED_DEVICE_FAMILY = "1,2";
			};
			name = Debug;
		};
		DD7B88072B8364E800A05275 /* Release */ = {
			isa = XCBuildConfiguration;
			baseConfigurationReference = 2775EFF57891DBCBF865ECBD /* Pods-Todo List.release.xcconfig */;
			buildSettings = {
				ASSETCATALOG_COMPILER_APPICON_NAME = AppIcon;
				ASSETCATALOG_COMPILER_GLOBAL_ACCENT_COLOR_NAME = AccentColor;
				CODE_SIGN_STYLE = Automatic;
				CURRENT_PROJECT_VERSION = 1;
				DEVELOPMENT_TEAM = S93TB9WZ8T;
				GENERATE_INFOPLIST_FILE = YES;
				INFOPLIST_FILE = "Todo List/Info.plist";
				INFOPLIST_KEY_UIApplicationSupportsIndirectInputEvents = YES;
				INFOPLIST_KEY_UILaunchStoryboardName = LaunchScreen;
				INFOPLIST_KEY_UIMainStoryboardFile = Main;
				INFOPLIST_KEY_UIStatusBarHidden = NO;
				INFOPLIST_KEY_UISupportedInterfaceOrientations = "UIInterfaceOrientationLandscapeLeft UIInterfaceOrientationLandscapeRight UIInterfaceOrientationPortrait";
				INFOPLIST_KEY_UISupportedInterfaceOrientations_iPad = UIInterfaceOrientationPortrait;
				IPHONEOS_DEPLOYMENT_TARGET = 13.0;
				LD_RUNPATH_SEARCH_PATHS = (
					"$(inherited)",
					"@executable_path/Frameworks",
				);
				MARKETING_VERSION = 1.0;
				PRODUCT_BUNDLE_IDENTIFIER = "co.zelbury.Todo-List";
				PRODUCT_NAME = "$(TARGET_NAME)";
				SWIFT_EMIT_LOC_STRINGS = YES;
				SWIFT_VERSION = 5.0;
				TARGETED_DEVICE_FAMILY = "1,2";
			};
			name = Release;
		};
/* End XCBuildConfiguration section */

/* Begin XCConfigurationList section */
		DD7B87EC2B8364E600A05275 /* Build configuration list for PBXProject "Todo List" */ = {
			isa = XCConfigurationList;
			buildConfigurations = (
				DD7B88032B8364E800A05275 /* Debug */,
				DD7B88042B8364E800A05275 /* Release */,
			);
			defaultConfigurationIsVisible = 0;
			defaultConfigurationName = Release;
		};
		DD7B88052B8364E800A05275 /* Build configuration list for PBXNativeTarget "Todo List" */ = {
			isa = XCConfigurationList;
			buildConfigurations = (
				DD7B88062B8364E800A05275 /* Debug */,
				DD7B88072B8364E800A05275 /* Release */,
			);
			defaultConfigurationIsVisible = 0;
			defaultConfigurationName = Release;
		};
/* End XCConfigurationList section */

/* Begin XCRemoteSwiftPackageReference section */
		DD233BA92B8A07F10040C961 /* XCRemoteSwiftPackageReference "SwipeCellKit" */ = {
			isa = XCRemoteSwiftPackageReference;
			repositoryURL = "https://github.com/SwipeCellKit/SwipeCellKit.git";
			requirement = {
				kind = upToNextMajorVersion;
				minimumVersion = 2.7.1;
			};
		};
/* End XCRemoteSwiftPackageReference section */
	};
	rootObject = DD7B87E92B8364E600A05275 /* Project object */;
}
